// !$*UTF8*$!
{
	archiveVersion = 1;
	classes = {
	};
	objectVersion = 50;
	objects = {

/* Begin PBXBuildFile section */
		11A214A92423712200F820CF /* AppDelegate.swift in Sources */ = {isa = PBXBuildFile; fileRef = 11A214A82423712200F820CF /* AppDelegate.swift */; };
		11A214AB2423712200F820CF /* SceneDelegate.swift in Sources */ = {isa = PBXBuildFile; fileRef = 11A214AA2423712200F820CF /* SceneDelegate.swift */; };
		11A214AD2423712200F820CF /* ContentView.swift in Sources */ = {isa = PBXBuildFile; fileRef = 11A214AC2423712200F820CF /* ContentView.swift */; };
		11A214AF2423712500F820CF /* Assets.xcassets in Resources */ = {isa = PBXBuildFile; fileRef = 11A214AE2423712500F820CF /* Assets.xcassets */; };
		11A214B22423712500F820CF /* Preview Assets.xcassets in Resources */ = {isa = PBXBuildFile; fileRef = 11A214B12423712500F820CF /* Preview Assets.xcassets */; };
		11A214B52423712600F820CF /* LaunchScreen.storyboard in Resources */ = {isa = PBXBuildFile; fileRef = 11A214B32423712600F820CF /* LaunchScreen.storyboard */; };
		11A214BE2423744E00F820CF /* Weather.swift in Sources */ = {isa = PBXBuildFile; fileRef = 11A214BD2423744E00F820CF /* Weather.swift */; };
		11A214C12423750B00F820CF /* WeatherService.swift in Sources */ = {isa = PBXBuildFile; fileRef = 11A214C02423750B00F820CF /* WeatherService.swift */; };
		11A214C42423790200F820CF /* WeatherViewModel.swift in Sources */ = {isa = PBXBuildFile; fileRef = 11A214C32423790200F820CF /* WeatherViewModel.swift */; };
		11A214C72423DE9000F820CF /* WeatherDataService.swift in Sources */ = {isa = PBXBuildFile; fileRef = 11A214C62423DE9000F820CF /* WeatherDataService.swift */; };
		11A214C92423E36300F820CF /* WeatherList.swift in Sources */ = {isa = PBXBuildFile; fileRef = 11A214C82423E36300F820CF /* WeatherList.swift */; };
/* End PBXBuildFile section */

/* Begin PBXFileReference section */
		11A214A52423712200F820CF /* MisterMeteo.app */ = {isa = PBXFileReference; explicitFileType = wrapper.application; includeInIndex = 0; path = MisterMeteo.app; sourceTree = BUILT_PRODUCTS_DIR; };
		11A214A82423712200F820CF /* AppDelegate.swift */ = {isa = PBXFileReference; lastKnownFileType = sourcecode.swift; path = AppDelegate.swift; sourceTree = "<group>"; };
		11A214AA2423712200F820CF /* SceneDelegate.swift */ = {isa = PBXFileReference; lastKnownFileType = sourcecode.swift; path = SceneDelegate.swift; sourceTree = "<group>"; };
		11A214AC2423712200F820CF /* ContentView.swift */ = {isa = PBXFileReference; lastKnownFileType = sourcecode.swift; path = ContentView.swift; sourceTree = "<group>"; };
		11A214AE2423712500F820CF /* Assets.xcassets */ = {isa = PBXFileReference; lastKnownFileType = folder.assetcatalog; path = Assets.xcassets; sourceTree = "<group>"; };
		11A214B12423712500F820CF /* Preview Assets.xcassets */ = {isa = PBXFileReference; lastKnownFileType = folder.assetcatalog; path = "Preview Assets.xcassets"; sourceTree = "<group>"; };
		11A214B42423712600F820CF /* Base */ = {isa = PBXFileReference; lastKnownFileType = file.storyboard; name = Base; path = Base.lproj/LaunchScreen.storyboard; sourceTree = "<group>"; };
		11A214B62423712600F820CF /* Info.plist */ = {isa = PBXFileReference; lastKnownFileType = text.plist.xml; path = Info.plist; sourceTree = "<group>"; };
		11A214BD2423744E00F820CF /* Weather.swift */ = {isa = PBXFileReference; lastKnownFileType = sourcecode.swift; path = Weather.swift; sourceTree = "<group>"; };
		11A214C02423750B00F820CF /* WeatherService.swift */ = {isa = PBXFileReference; lastKnownFileType = sourcecode.swift; path = WeatherService.swift; sourceTree = "<group>"; };
		11A214C32423790200F820CF /* WeatherViewModel.swift */ = {isa = PBXFileReference; lastKnownFileType = sourcecode.swift; path = WeatherViewModel.swift; sourceTree = "<group>"; };
		11A214C62423DE9000F820CF /* WeatherDataService.swift */ = {isa = PBXFileReference; lastKnownFileType = sourcecode.swift; path = WeatherDataService.swift; sourceTree = "<group>"; };
		11A214C82423E36300F820CF /* WeatherList.swift */ = {isa = PBXFileReference; lastKnownFileType = sourcecode.swift; path = WeatherList.swift; sourceTree = "<group>"; };
/* End PBXFileReference section */

/* Begin PBXFrameworksBuildPhase section */
		11A214A22423712200F820CF /* Frameworks */ = {
			isa = PBXFrameworksBuildPhase;
			buildActionMask = 2147483647;
			files = (
			);
			runOnlyForDeploymentPostprocessing = 0;
		};
/* End PBXFrameworksBuildPhase section */

/* Begin PBXGroup section */
		11A2149C2423712200F820CF = {
			isa = PBXGroup;
			children = (
				11A214A72423712200F820CF /* MisterMeteo */,
				11A214A62423712200F820CF /* Products */,
			);
			sourceTree = "<group>";
		};
		11A214A62423712200F820CF /* Products */ = {
			isa = PBXGroup;
			children = (
				11A214A52423712200F820CF /* MisterMeteo.app */,
			);
			name = Products;
			sourceTree = "<group>";
		};
		11A214A72423712200F820CF /* MisterMeteo */ = {
			isa = PBXGroup;
			children = (
				11A214C52423DE5600F820CF /* ServiceSwiftUI */,
				11A214C2242378E200F820CF /* View Models */,
				11A214BF242374F900F820CF /* Services */,
				11A214BC2423742700F820CF /* Models */,
				11A214A82423712200F820CF /* AppDelegate.swift */,
				11A214AA2423712200F820CF /* SceneDelegate.swift */,
				11A214AC2423712200F820CF /* ContentView.swift */,
				11A214AE2423712500F820CF /* Assets.xcassets */,
				11A214B32423712600F820CF /* LaunchScreen.storyboard */,
				11A214B62423712600F820CF /* Info.plist */,
				11A214B02423712500F820CF /* Preview Content */,
			);
			path = MisterMeteo;
			sourceTree = "<group>";
		};
		11A214B02423712500F820CF /* Preview Content */ = {
			isa = PBXGroup;
			children = (
				11A214B12423712500F820CF /* Preview Assets.xcassets */,
			);
			path = "Preview Content";
			sourceTree = "<group>";
		};
		11A214BC2423742700F820CF /* Models */ = {
			isa = PBXGroup;
			children = (
				11A214BD2423744E00F820CF /* Weather.swift */,
			);
			path = Models;
			sourceTree = "<group>";
		};
		11A214BF242374F900F820CF /* Services */ = {
			isa = PBXGroup;
			children = (
				11A214C02423750B00F820CF /* WeatherService.swift */,
			);
			path = Services;
			sourceTree = "<group>";
		};
		11A214C2242378E200F820CF /* View Models */ = {
			isa = PBXGroup;
			children = (
				11A214C32423790200F820CF /* WeatherViewModel.swift */,
			);
			path = "View Models";
			sourceTree = "<group>";
		};
		11A214C52423DE5600F820CF /* ServiceSwiftUI */ = {
			isa = PBXGroup;
			children = (
				11A214C62423DE9000F820CF /* WeatherDataService.swift */,
				11A214C82423E36300F820CF /* WeatherList.swift */,
			);
			path = ServiceSwiftUI;
			sourceTree = "<group>";
		};
/* End PBXGroup section */

/* Begin PBXNativeTarget section */
		11A214A42423712200F820CF /* MisterMeteo */ = {
			isa = PBXNativeTarget;
			buildConfigurationList = 11A214B92423712600F820CF /* Build configuration list for PBXNativeTarget "MisterMeteo" */;
			buildPhases = (
				11A214A12423712200F820CF /* Sources */,
				11A214A22423712200F820CF /* Frameworks */,
				11A214A32423712200F820CF /* Resources */,
			);
			buildRules = (
			);
			dependencies = (
			);
			name = MisterMeteo;
			productName = MisterMeteo;
			productReference = 11A214A52423712200F820CF /* MisterMeteo.app */;
			productType = "com.apple.product-type.application";
		};
/* End PBXNativeTarget section */

/* Begin PBXProject section */
		11A2149D2423712200F820CF /* Project object */ = {
			isa = PBXProject;
			attributes = {
				LastSwiftUpdateCheck = 1120;
				LastUpgradeCheck = 1200;
				ORGANIZATIONNAME = "Florent Frossard";
				TargetAttributes = {
					11A214A42423712200F820CF = {
						CreatedOnToolsVersion = 11.2.1;
					};
				};
			};
			buildConfigurationList = 11A214A02423712200F820CF /* Build configuration list for PBXProject "MisterMeteo" */;
			compatibilityVersion = "Xcode 9.3";
			developmentRegion = en;
			hasScannedForEncodings = 0;
			knownRegions = (
				en,
				Base,
			);
			mainGroup = 11A2149C2423712200F820CF;
			productRefGroup = 11A214A62423712200F820CF /* Products */;
			projectDirPath = "";
			projectRoot = "";
			targets = (
				11A214A42423712200F820CF /* MisterMeteo */,
			);
		};
/* End PBXProject section */

/* Begin PBXResourcesBuildPhase section */
		11A214A32423712200F820CF /* Resources */ = {
			isa = PBXResourcesBuildPhase;
			buildActionMask = 2147483647;
			files = (
				11A214B52423712600F820CF /* LaunchScreen.storyboard in Resources */,
				11A214B22423712500F820CF /* Preview Assets.xcassets in Resources */,
				11A214AF2423712500F820CF /* Assets.xcassets in Resources */,
			);
			runOnlyForDeploymentPostprocessing = 0;
		};
/* End PBXResourcesBuildPhase section */

/* Begin PBXSourcesBuildPhase section */
		11A214A12423712200F820CF /* Sources */ = {
			isa = PBXSourcesBuildPhase;
			buildActionMask = 2147483647;
			files = (
				11A214C92423E36300F820CF /* WeatherList.swift in Sources */,
				11A214C72423DE9000F820CF /* WeatherDataService.swift in Sources */,
				11A214C12423750B00F820CF /* WeatherService.swift in Sources */,
				11A214C42423790200F820CF /* WeatherViewModel.swift in Sources */,
				11A214BE2423744E00F820CF /* Weather.swift in Sources */,
				11A214A92423712200F820CF /* AppDelegate.swift in Sources */,
				11A214AB2423712200F820CF /* SceneDelegate.swift in Sources */,
				11A214AD2423712200F820CF /* ContentView.swift in Sources */,
			);
			runOnlyForDeploymentPostprocessing = 0;
		};
/* End PBXSourcesBuildPhase section */

/* Begin PBXVariantGroup section */
		11A214B32423712600F820CF /* LaunchScreen.storyboard */ = {
			isa = PBXVariantGroup;
			children = (
				11A214B42423712600F820CF /* Base */,
			);
			name = LaunchScreen.storyboard;
			sourceTree = "<group>";
		};
/* End PBXVariantGroup section */

/* Begin XCBuildConfiguration section */
		11A214B72423712600F820CF /* Debug */ = {
			isa = XCBuildConfiguration;
			buildSettings = {
				ALWAYS_SEARCH_USER_PATHS = NO;
				CLANG_ANALYZER_NONNULL = YES;
				CLANG_ANALYZER_NUMBER_OBJECT_CONVERSION = YES_AGGRESSIVE;
				CLANG_CXX_LANGUAGE_STANDARD = "gnu++14";
				CLANG_CXX_LIBRARY = "libc++";
				CLANG_ENABLE_MODULES = YES;
				CLANG_ENABLE_OBJC_ARC = YES;
				CLANG_ENABLE_OBJC_WEAK = YES;
				CLANG_WARN_BLOCK_CAPTURE_AUTORELEASING = YES;
				CLANG_WARN_BOOL_CONVERSION = YES;
				CLANG_WARN_COMMA = YES;
				CLANG_WARN_CONSTANT_CONVERSION = YES;
				CLANG_WARN_DEPRECATED_OBJC_IMPLEMENTATIONS = YES;
				CLANG_WARN_DIRECT_OBJC_ISA_USAGE = YES_ERROR;
				CLANG_WARN_DOCUMENTATION_COMMENTS = YES;
				CLANG_WARN_EMPTY_BODY = YES;
				CLANG_WARN_ENUM_CONVERSION = YES;
				CLANG_WARN_INFINITE_RECURSION = YES;
				CLANG_WARN_INT_CONVERSION = YES;
				CLANG_WARN_NON_LITERAL_NULL_CONVERSION = YES;
				CLANG_WARN_OBJC_IMPLICIT_RETAIN_SELF = YES;
				CLANG_WARN_OBJC_LITERAL_CONVERSION = YES;
				CLANG_WARN_OBJC_ROOT_CLASS = YES_ERROR;
				CLANG_WARN_QUOTED_INCLUDE_IN_FRAMEWORK_HEADER = YES;
				CLANG_WARN_RANGE_LOOP_ANALYSIS = YES;
				CLANG_WARN_STRICT_PROTOTYPES = YES;
				CLANG_WARN_SUSPICIOUS_MOVE = YES;
				CLANG_WARN_UNGUARDED_AVAILABILITY = YES_AGGRESSIVE;
				CLANG_WARN_UNREACHABLE_CODE = YES;
				CLANG_WARN__DUPLICATE_METHOD_MATCH = YES;
				COPY_PHASE_STRIP = NO;
				DEBUG_INFORMATION_FORMAT = dwarf;
				ENABLE_STRICT_OBJC_MSGSEND = YES;
				ENABLE_TESTABILITY = YES;
				GCC_C_LANGUAGE_STANDARD = gnu11;
				GCC_DYNAMIC_NO_PIC = NO;
				GCC_NO_COMMON_BLOCKS = YES;
				GCC_OPTIMIZATION_LEVEL = 0;
				GCC_PREPROCESSOR_DEFINITIONS = (
					"DEBUG=1",
					"$(inherited)",
				);
				GCC_WARN_64_TO_32_BIT_CONVERSION = YES;
				GCC_WARN_ABOUT_RETURN_TYPE = YES_ERROR;
				GCC_WARN_UNDECLARED_SELECTOR = YES;
				GCC_WARN_UNINITIALIZED_AUTOS = YES_AGGRESSIVE;
				GCC_WARN_UNUSED_FUNCTION = YES;
				GCC_WARN_UNUSED_VARIABLE = YES;
				IPHONEOS_DEPLOYMENT_TARGET = 13.2;
				MTL_ENABLE_DEBUG_INFO = INCLUDE_SOURCE;
				MTL_FAST_MATH = YES;
				ONLY_ACTIVE_ARCH = YES;
				SDKROOT = iphoneos;
				SWIFT_ACTIVE_COMPILATION_CONDITIONS = DEBUG;
				SWIFT_OPTIMIZATION_LEVEL = "-Onone";
			};
			name = Debug;
		};
		11A214B82423712600F820CF /* Release */ = {
			isa = XCBuildConfiguration;
			buildSettings = {
				ALWAYS_SEARCH_USER_PATHS = NO;
				CLANG_ANALYZER_NONNULL = YES;
				CLANG_ANALYZER_NUMBER_OBJECT_CONVERSION = YES_AGGRESSIVE;
				CLANG_CXX_LANGUAGE_STANDARD = "gnu++14";
				CLANG_CXX_LIBRARY = "libc++";
				CLANG_ENABLE_MODULES = YES;
				CLANG_ENABLE_OBJC_ARC = YES;
				CLANG_ENABLE_OBJC_WEAK = YES;
				CLANG_WARN_BLOCK_CAPTURE_AUTORELEASING = YES;
				CLANG_WARN_BOOL_CONVERSION = YES;
				CLANG_WARN_COMMA = YES;
				CLANG_WARN_CONSTANT_CONVERSION = YES;
				CLANG_WARN_DEPRECATED_OBJC_IMPLEMENTATIONS = YES;
				CLANG_WARN_DIRECT_OBJC_ISA_USAGE = YES_ERROR;
				CLANG_WARN_DOCUMENTATION_COMMENTS = YES;
				CLANG_WARN_EMPTY_BODY = YES;
				CLANG_WARN_ENUM_CONVERSION = YES;
				CLANG_WARN_INFINITE_RECURSION = YES;
				CLANG_WARN_INT_CONVERSION = YES;
				CLANG_WARN_NON_LITERAL_NULL_CONVERSION = YES;
				CLANG_WARN_OBJC_IMPLICIT_RETAIN_SELF = YES;
				CLANG_WARN_OBJC_LITERAL_CONVERSION = YES;
				CLANG_WARN_OBJC_ROOT_CLASS = YES_ERROR;
				CLANG_WARN_QUOTED_INCLUDE_IN_FRAMEWORK_HEADER = YES;
				CLANG_WARN_RANGE_LOOP_ANALYSIS = YES;
				CLANG_WARN_STRICT_PROTOTYPES = YES;
				CLANG_WARN_SUSPICIOUS_MOVE = YES;
				CLANG_WARN_UNGUARDED_AVAILABILITY = YES_AGGRESSIVE;
				CLANG_WARN_UNREACHABLE_CODE = YES;
				CLANG_WARN__DUPLICATE_METHOD_MATCH = YES;
				COPY_PHASE_STRIP = NO;
				DEBUG_INFORMATION_FORMAT = "dwarf-with-dsym";
				ENABLE_NS_ASSERTIONS = NO;
				ENABLE_STRICT_OBJC_MSGSEND = YES;
				GCC_C_LANGUAGE_STANDARD = gnu11;
				GCC_NO_COMMON_BLOCKS = YES;
				GCC_WARN_64_TO_32_BIT_CONVERSION = YES;
				GCC_WARN_ABOUT_RETURN_TYPE = YES_ERROR;
				GCC_WARN_UNDECLARED_SELECTOR = YES;
				GCC_WARN_UNINITIALIZED_AUTOS = YES_AGGRESSIVE;
				GCC_WARN_UNUSED_FUNCTION = YES;
				GCC_WARN_UNUSED_VARIABLE = YES;
				IPHONEOS_DEPLOYMENT_TARGET = 13.2;
				MTL_ENABLE_DEBUG_INFO = NO;
				MTL_FAST_MATH = YES;
				SDKROOT = iphoneos;
				SWIFT_COMPILATION_MODE = wholemodule;
				SWIFT_OPTIMIZATION_LEVEL = "-O";
				VALIDATE_PRODUCT = YES;
			};
			name = Release;
		};
		11A214BA2423712600F820CF /* Debug */ = {
			isa = XCBuildConfiguration;
			buildSettings = {
				ASSETCATALOG_COMPILER_APPICON_NAME = AppIcon;
				CODE_SIGN_STYLE = Automatic;
				DEVELOPMENT_ASSET_PATHS = "\"MisterMeteo/Preview Content\"";
				DEVELOPMENT_TEAM = 52DP6J7QNT;
				ENABLE_PREVIEWS = YES;
				INFOPLIST_FILE = MisterMeteo/Info.plist;
				LD_RUNPATH_SEARCH_PATHS = (
					"$(inherited)",
					"@executable_path/Frameworks",
				);
				PRODUCT_BUNDLE_IDENTIFIER = FFinc.MisterMeteo;
				PRODUCT_NAME = "$(TARGET_NAME)";
				SWIFT_VERSION = 5.0;
				TARGETED_DEVICE_FAMILY = "1,2";
			};
			name = Debug;
		};
		11A214BB2423712600F820CF /* Release */ = {
			isa = XCBuildConfiguration;
			buildSettings = {
				ASSETCATALOG_COMPILER_APPICON_NAME = AppIcon;
				CODE_SIGN_STYLE = Automatic;
				DEVELOPMENT_ASSET_PATHS = "\"MisterMeteo/Preview Content\"";
				DEVELOPMENT_TEAM = 52DP6J7QNT;
				ENABLE_PREVIEWS = YES;
				INFOPLIST_FILE = MisterMeteo/Info.plist;
				LD_RUNPATH_SEARCH_PATHS = (
					"$(inherited)",
					"@executable_path/Frameworks",
				);
				PRODUCT_BUNDLE_IDENTIFIER = FFinc.MisterMeteo;
				PRODUCT_NAME = "$(TARGET_NAME)";
				SWIFT_VERSION = 5.0;
				TARGETED_DEVICE_FAMILY = "1,2";
			};
			name = Release;
		};
/* End XCBuildConfiguration section */

/* Begin XCConfigurationList section */
		11A214A02423712200F820CF /* Build configuration list for PBXProject "MisterMeteo" */ = {
			isa = XCConfigurationList;
			buildConfigurations = (
				11A214B72423712600F820CF /* Debug */,
				11A214B82423712600F820CF /* Release */,
			);
			defaultConfigurationIsVisible = 0;
			defaultConfigurationName = Release;
		};
		11A214B92423712600F820CF /* Build configuration list for PBXNativeTarget "MisterMeteo" */ = {
			isa = XCConfigurationList;
			buildConfigurations = (
				11A214BA2423712600F820CF /* Debug */,
				11A214BB2423712600F820CF /* Release */,
			);
			defaultConfigurationIsVisible = 0;
			defaultConfigurationName = Release;
		};
/* End XCConfigurationList section */
	};
	rootObject = 11A2149D2423712200F820CF /* Project object */;
}
